
Microsoft Visual Studio Solution File, Format Version 12.00
# Visual Studio Version 17
VisualStudioVersion = 17.4.33122.133
MinimumVisualStudioVersion = 10.0.40219.1
Project("{9A19103F-16F7-4668-BE54-9A1E7A4F7556}") = "FirstProgram", "FirstProgram\FirstProgram.csproj", "{BEFAF40E-B8DC-4BF1-A8D9-B69E2E61C2D4}"
EndProject
Project("{9A19103F-16F7-4668-BE54-9A1E7A4F7556}") = "Variable", "Variable\Variable.csproj", "{1CA50EC3-7612-47BC-A196-2A9B43F7DA62}"
EndProject
Project("{9A19103F-16F7-4668-BE54-9A1E7A4F7556}") = "Method", "Method\Method.csproj", "{6A08ECF5-421D-4337-84BA-3B806884C7BD}"
EndProject
Project("{9A19103F-16F7-4668-BE54-9A1E7A4F7556}") = "ClassObjectInstance", "ClassObjectInstance\ClassObjectInstance.csproj", "{F311C3AE-2C06-441E-B8D8-A24425F36992}"
EndProject
Project("{FAE04EC0-301F-11D3-BF4B-00C04F79EFBC}") = "ClassExample_1", "ClassExample_1\ClassExample_1.csproj", "{C18942F1-044E-40BB-95E1-B52AD2639F72}"
EndProject
Global
	GlobalSection(SolutionConfigurationPlatforms) = preSolution
		Debug|Any CPU = Debug|Any CPU
		Release|Any CPU = Release|Any CPU
	EndGlobalSection
	GlobalSection(ProjectConfigurationPlatforms) = postSolution
		{BEFAF40E-B8DC-4BF1-A8D9-B69E2E61C2D4}.Debug|Any CPU.ActiveCfg = Debug|Any CPU
		{BEFAF40E-B8DC-4BF1-A8D9-B69E2E61C2D4}.Debug|Any CPU.Build.0 = Debug|Any CPU
		{BEFAF40E-B8DC-4BF1-A8D9-B69E2E61C2D4}.Release|Any CPU.ActiveCfg = Release|Any CPU
		{BEFAF40E-B8DC-4BF1-A8D9-B69E2E61C2D4}.Release|Any CPU.Build.0 = Release|Any CPU
		{1CA50EC3-7612-47BC-A196-2A9B43F7DA62}.Debug|Any CPU.ActiveCfg = Debug|Any CPU
		{1CA50EC3-7612-47BC-A196-2A9B43F7DA62}.Debug|Any CPU.Build.0 = Debug|Any CPU
		{1CA50EC3-7612-47BC-A196-2A9B43F7DA62}.Release|Any CPU.ActiveCfg = Release|Any CPU
		{1CA50EC3-7612-47BC-A196-2A9B43F7DA62}.Release|Any CPU.Build.0 = Release|Any CPU
		{6A08ECF5-421D-4337-84BA-3B806884C7BD}.Debug|Any CPU.ActiveCfg = Debug|Any CPU
		{6A08ECF5-421D-4337-84BA-3B806884C7BD}.Debug|Any CPU.Build.0 = Debug|Any CPU
		{6A08ECF5-421D-4337-84BA-3B806884C7BD}.Release|Any CPU.ActiveCfg = Release|Any CPU
		{6A08ECF5-421D-4337-84BA-3B806884C7BD}.Release|Any CPU.Build.0 = Release|Any CPU
		{F311C3AE-2C06-441E-B8D8-A24425F36992}.Debug|Any CPU.ActiveCfg = Debug|Any CPU
		{F311C3AE-2C06-441E-B8D8-A24425F36992}.Debug|Any CPU.Build.0 = Debug|Any CPU
		{F311C3AE-2C06-441E-B8D8-A24425F36992}.Release|Any CPU.ActiveCfg = Release|Any CPU
		{F311C3AE-2C06-441E-B8D8-A24425F36992}.Release|Any CPU.Build.0 = Release|Any CPU
		{C18942F1-044E-40BB-95E1-B52AD2639F72}.Debug|Any CPU.ActiveCfg = Debug|Any CPU
		{C18942F1-044E-40BB-95E1-B52AD2639F72}.Debug|Any CPU.Build.0 = Debug|Any CPU
		{C18942F1-044E-40BB-95E1-B52AD2639F72}.Release|Any CPU.ActiveCfg = Release|Any CPU
		{C18942F1-044E-40BB-95E1-B52AD2639F72}.Release|Any CPU.Build.0 = Release|Any CPU
	EndGlobalSection
	GlobalSection(SolutionProperties) = preSolution
		HideSolutionNode = FALSE
	EndGlobalSection
	GlobalSection(ExtensibilityGlobals) = postSolution
		SolutionGuid = {2CCDE088-C3B7-42DC-AD39-6786C58EF0DE}
	EndGlobalSection
EndGlobal
